
Microsoft Visual Studio Solution File, Format Version 11.00
# Visual C# Express 2010
Project("{FAE04EC0-301F-11D3-BF4B-00C04F79EFBC}") = "Quotation.cs", "Quotation.cs\Quotation.cs.csproj", "{25DBF1F4-D882-402E-B925-33DD4B46BB2C}"
EndProject
Project("{FAE04EC0-301F-11D3-BF4B-00C04F79EFBC}") = "Name.cs", "Name.cs\Name.cs.csproj", "{EB880403-F107-43DC-81F8-704EB74C3C26}"
EndProject
Project("{FAE04EC0-301F-11D3-BF4B-00C04F79EFBC}") = "Address.cs", "Address.cs\Address.cs.csproj", "{82779808-D188-4419-B5C0-2066CE1A9794}"
EndProject
Project("{FAE04EC0-301F-11D3-BF4B-00C04F79EFBC}") = "Tree.cs", "Tree.cs\Tree.cs.csproj", "{4EA5A25A-F00A-4DC6-94F6-70CAEA00891E}"
EndProject
Project("{FAE04EC0-301F-11D3-BF4B-00C04F79EFBC}") = "Initials.cs", "Initials.cs\Initials.cs.csproj", "{7E505EE3-0885-4151-A398-3FA8DE442472}"
EndProject
Global
	GlobalSection(SolutionConfigurationPlatforms) = preSolution
		Debug|x86 = Debug|x86
		Release|x86 = Release|x86
	EndGlobalSection
	GlobalSection(ProjectConfigurationPlatforms) = postSolution
		{25DBF1F4-D882-402E-B925-33DD4B46BB2C}.Debug|x86.ActiveCfg = Debug|x86
		{25DBF1F4-D882-402E-B925-33DD4B46BB2C}.Debug|x86.Build.0 = Debug|x86
		{25DBF1F4-D882-402E-B925-33DD4B46BB2C}.Release|x86.ActiveCfg = Release|x86
		{25DBF1F4-D882-402E-B925-33DD4B46BB2C}.Release|x86.Build.0 = Release|x86
		{EB880403-F107-43DC-81F8-704EB74C3C26}.Debug|x86.ActiveCfg = Debug|x86
		{EB880403-F107-43DC-81F8-704EB74C3C26}.Debug|x86.Build.0 = Debug|x86
		{EB880403-F107-43DC-81F8-704EB74C3C26}.Release|x86.ActiveCfg = Release|x86
		{EB880403-F107-43DC-81F8-704EB74C3C26}.Release|x86.Build.0 = Release|x86
		{82779808-D188-4419-B5C0-2066CE1A9794}.Debug|x86.ActiveCfg = Debug|x86
		{82779808-D188-4419-B5C0-2066CE1A9794}.Debug|x86.Build.0 = Debug|x86
		{82779808-D188-4419-B5C0-2066CE1A9794}.Release|x86.ActiveCfg = Release|x86
		{82779808-D188-4419-B5C0-2066CE1A9794}.Release|x86.Build.0 = Release|x86
		{4EA5A25A-F00A-4DC6-94F6-70CAEA00891E}.Debug|x86.ActiveCfg = Debug|x86
		{4EA5A25A-F00A-4DC6-94F6-70CAEA00891E}.Debug|x86.Build.0 = Debug|x86
		{4EA5A25A-F00A-4DC6-94F6-70CAEA00891E}.Release|x86.ActiveCfg = Release|x86
		{4EA5A25A-F00A-4DC6-94F6-70CAEA00891E}.Release|x86.Build.0 = Release|x86
		{7E505EE3-0885-4151-A398-3FA8DE442472}.Debug|x86.ActiveCfg = Debug|x86
		{7E505EE3-0885-4151-A398-3FA8DE442472}.Debug|x86.Build.0 = Debug|x86
		{7E505EE3-0885-4151-A398-3FA8DE442472}.Release|x86.ActiveCfg = Release|x86
		{7E505EE3-0885-4151-A398-3FA8DE442472}.Release|x86.Build.0 = Release|x86
	EndGlobalSection
	GlobalSection(SolutionProperties) = preSolution
		HideSolutionNode = FALSE
	EndGlobalSection
EndGlobal
